# This file was autogenerated by uv via the following command:
#    uv==0.10.10 pip compile requirements-db-optional.txt --generate-hashes --python-version 3.12 --python-platform x86_64-manylinux_2_28 --exclude-newer 2026-07-12T00:00:00Z --output-file requirements-db-optional.lock
bitarray==3.9.0 \
    --hash=sha256:05dc8db96a184eeb4e9d51f558602fa51eaa651790aa5d50f7fd2c5306e1bc16 \
    --hash=sha256:080e8530a7b56ba843bdad6c4cf9887506944be180222e6691d7aee13f977868 \
    --hash=sha256:0b9d16a362f454abe9ef7d362fb9260b0a7945e64a53d35effb10c7fd64da415 \
    --hash=sha256:0e0099dc02f63383c06602e9c73fe0d347d760c7ba23940328e9075cabedc71f \
    --hash=sha256:0e95b101a31f3655ac37548a0b3239fdcde87e745881c3ccef7192e2711e9e41 \
    --hash=sha256:0eb630289dad8930a4ad8a634a03a962545c1015b0d90425e1b36a900fc36277 \
    --hash=sha256:1608a8f62d17323f4b7a92dd731fff8e30562f8a18bab4758aba5fb1d7df9d78 \
    --hash=sha256:17e721ed7695257f5f0a8147633f96a60b5ac13735c73d29b2409d1b5a484062 \
    --hash=sha256:19b6cbca02cdfb27a6fb6e0d4f9170a53da2c37fce70bc5afa6d58aab6d1f1af \
    --hash=sha256:1acbb40c630d0429d5a7e8879896f43ddb998625d380d94664239dae9bb4978d \
    --hash=sha256:1f2d47d0f451f42c328544e9a8968d168e452934eef218e6e68e5b14b6711a3a \
    --hash=sha256:1f5c17c55630255ece343964306070d713559e4f32cd6c394235b64ece6e1b34 \
    --hash=sha256:212559f1a69c89cdd4ebd487f1581818b67939a3ac157a32f26ab29d29414b84 \
    --hash=sha256:21ab3b432cc4d73fdac310bd500bc54473116c85107acecb27b9d6805ff8b48b \
    --hash=sha256:21facaa003c1a6487eaada863fc93059ee2f542a9ca589f7c5716a1e4ceddfd0 \
    --hash=sha256:24cbd77670da7e6fe2218b2905a88ecaafd456017673cc7b47b06caf47ff0d77 \
    --hash=sha256:255090e32993dc0b10cd29ad49e21cd7349ed9cdb44d61ad970b4a698b7bd1e7 \
    --hash=sha256:27571ac93c8dbf9bc5f3594257a1d3f2591da08a91fb972083cee334d5828f4a \
    --hash=sha256:2a055a3d80e113d644bc067a40787e6bbce216f896b8767136700fb35522718c \
    --hash=sha256:2c0aceb582baabb97612647193fd6160f9766250b7d1f034d1be7d5f2b2d88ca \
    --hash=sha256:2ccc1f0f10167e118e965f5b56577445dcdf38bae43e6fdf802c124e518fee8c \
    --hash=sha256:2d7b0167098b7a423e8b8fcd2d4291aa99b97589e53b6b182c0b456a79a78cd5 \
    --hash=sha256:2f2749855f3a60ab8d7250f9b549cc7ce77883fb52a7ccac82cdab322f92e305 \
    --hash=sha256:2f3c3252914a837a610f25f12a6bf88406fdfadba4de60dad75c20db93fb6b60 \
    --hash=sha256:2faf64e69dcb308efa0cfa2618552a05c0197e2ee5858facfa47678e5a571fd9 \
    --hash=sha256:3075370a7aaec476b0f3ce501f83cfa1797fa722619f7f130981403978b1ad89 \
    --hash=sha256:353430288ff7e2a97029dea750d3095bf85089f8d7757dff52b46d71c0b635ff \
    --hash=sha256:3edab70dd2b35240526d3fa0ece098335758173a5ab3582970069ac2dd2f7d6e \
    --hash=sha256:41807c5be6b3c0730d2472fd5973d44e22498c610f60a3c00aefe41bb3caa2e2 \
    --hash=sha256:4213db72d8ee547df486dce28cde286346bc7a01f8e22fdeea1f8f0c18d1c9eb \
    --hash=sha256:43569be23ff90190ce7b1b05c2c5072a5ee8d3d09fb076a4ac0a846043179758 \
    --hash=sha256:496d8ae6fbc1f870a04d40148ff6daa1357c94543498de5c33612d5969aed074 \
    --hash=sha256:4e52b54a8e639da6e80ddeaca9aa3ca324ca20bdcd4cd51f6070ca4b334113a1 \
    --hash=sha256:513007e9a05ab9247ff5bba5c5bd43557fc40c8fe80fd50be3570760ef449601 \
    --hash=sha256:52b8690da0334d0d1b0907a5011dc08415d0514468296233dd2296b50be2dcc8 \
    --hash=sha256:535191f9f5250f044f701461a0a5e86028383c7531cd6554858a402fd8af34a4 \
    --hash=sha256:541890dd453021a6f8155e7d091a6589652f703832a41c959eb139b487b67ad2 \
    --hash=sha256:56315f6d8f967555999d00920ada3712a60af17c4862853162cc837ce7fd635c \
    --hash=sha256:5de49c9dbe5d60f704242ae5ccc35aafb161e61b229e3536b01b6dba58fde4c0 \
    --hash=sha256:6272808ed86948389e3fb6723474691f4dd3475ccbd2f8b1232feec517b2c394 \
    --hash=sha256:62e5a7520f3d2b632438f94c9b9bddf1b2c0e9154e69c8c62e32accf680b3fdc \
    --hash=sha256:6334497cd63bf03c5a7c8b58b2b701a3d9aca692e3d82c722a577fe97f7d085f \
    --hash=sha256:63e934aecbad62ed3b591877b7f4ce2c9b7b28376ef70448cb657338911350c1 \
    --hash=sha256:64ccb1873db36d71c90de7611f3bfcad5cae889293bfe81c28d5c0eefa1065d3 \
    --hash=sha256:68f66a71bcfbedd1144b8d21b54fa77e32f90067fc3e49abc0a479392697c3cd \
    --hash=sha256:6c9fac669b0c19362b69818eb04358d912ffdaf2b6ee039e4f358271ba8095dc \
    --hash=sha256:6e3fe6fc6bf914e1a538e955c1260f64ccb174136ac798811f2a5f904e437def \
    --hash=sha256:6f71689369b38d21ab8d1800f1e6cdbaeeb40c0384bafbd2aa062ba181b96e0c \
    --hash=sha256:71070085c168cb5cb0972c09c9f36995a34fab2807c15f2f64f0dee6014f1008 \
    --hash=sha256:737230129bae3649dedfccc4b20040b76805c8a5ff9b3c7f0564775850bcdf58 \
    --hash=sha256:784d4180c38a0db82fa4a0c7ac54e92cbb9137b0336f7d5f9f433179fab0e56a \
    --hash=sha256:7ad4eb391e138958b69d9f1521e45e537ad4a66eba9ba90bb4a99ada6fa1fc90 \
    --hash=sha256:81c12f37cd31e254be3a12454e2933d5668d811ecfc5bbf7cd6f9c54cb5fda60 \
    --hash=sha256:83943314d6605f7cdc9272937f91f5d9a3446a927cfae89e77502611dfb37d5d \
    --hash=sha256:867994fb56cbfe40c77b1c5d0527e4d6ef4141b3ea2aca2aa02bd89ca08ae2d2 \
    --hash=sha256:8705d00a47326174f606e26d141faba6c0ca7b494f0989bc93d92b1b2527cb49 \
    --hash=sha256:8863e0461ebed5ff39bfbc73ff9caac78f78834549c727b5f539f1bd3e80849c \
    --hash=sha256:89d0e3de109ebc26d713c8c0ca7868d2ca8a2ad812a7dab587a6f4c7b3cf6908 \
    --hash=sha256:8c999433dbe25b3fe8514f1deb2552c9d8d0bdc2b7d7c66c81234894f3254e05 \
    --hash=sha256:8f118e3f43a01d7326c30d95eafda951e0823596f1659f4a5a54ab032341d5f4 \
    --hash=sha256:8fd928a528300f6b9e69d5e00145ceb81e81009749950cdc2f5f7ab7e704de85 \
    --hash=sha256:918a29d788a5a29001dcf20b25da00c0cda6998861d1346358a0a1611dcf2be7 \
    --hash=sha256:988ab837bb55951dbddb8b26db0d4a2e9eb3fd2bcf1dfd29ab96b046ff96dd2a \
    --hash=sha256:9c45b31ddef2d4f50224cb5cbe1ac0af4909555340fdf88e65da5c9c7e912cb3 \
    --hash=sha256:a1774b7f06b2d705cc0332245b71e18c6f0ddaf6925cce2d0b8eaa30c58b5164 \
    --hash=sha256:a3e61827396b12ca67ec7752fef1ca5791cdc019c273bc3c1eb66912b5e8161e \
    --hash=sha256:a6e7134f857a3ab0fe52a6b84b387e31ee2a7c5af77945172221978deda8c7e7 \
    --hash=sha256:ae003034bcaba92e534e7237fc6b03e8b4c161ac2e4707155321ea2d9b2d1557 \
    --hash=sha256:af29f1c1b47e68b921099cfb7744a9e875d79087b6d15fbed918559d8629794f \
    --hash=sha256:af5f91e61d868c8f457f66cd726ef31d69264f71edbaccd70fdbb13548c1d652 \
    --hash=sha256:af7906ffe12fa285014c85a89c165c8f1e6fd485438f08be84e7107d0acdd804 \
    --hash=sha256:b3123de3aee13dad947e4e30e1f580cb78fa24c2d103fd5a11e429ea2d55dc0f \
    --hash=sha256:b664bd8174795df4f0353c9ff3d997f5ae764285753c785bf6aa0afab75a357a \
    --hash=sha256:bc6db5b0d52ab31136da48d2913aad14e5ba3bfd5522d75c4d9bda2700c66768 \
    --hash=sha256:bf4b4f57d37e27208298365abf7ee102e2137b29c82cf2f2b996efc08a960202 \
    --hash=sha256:c019a95da22eca2793dd80db95758ff82cfc17f8813fd6a926cca5fd93b1bd7f \
    --hash=sha256:c13cb765f5dd30eefec0046cde1c2eee11b76cd749b045e54f1aa0a15057d219 \
    --hash=sha256:c16e0377c0a96cdc8eb072e3e31cedfec0dc29fd7d2bb58d63f796771578d49d \
    --hash=sha256:c5636104b949b937ef47bcc700665befc2f5a1e906036cba6fdb978501adca11 \
    --hash=sha256:c5f11802751285f982a333192f1336ce94017eedb6ea5f8e05039484ca00b24d \
    --hash=sha256:caaecd574c5ea9c3168654779c0633b08a4c346fe97b38c2896d7846dcfd85cb \
    --hash=sha256:cc9cc3025e9453239843d1c4431c5aca700bec246e9071596b8240193e91af2f \
    --hash=sha256:d3d27fa77487455de1a3aa6b593dd23eeb5971357b96453daf60307e7a623188 \
    --hash=sha256:d66b965ab369284c187c38c9cd5d6e638e863db856ee244c739ad5ec07769645 \
    --hash=sha256:d81d8f90603eaa4de9ae6342fa656e549aa4b510e2d7cde9d7f43d2482600818 \
    --hash=sha256:db0a55d52d9056187670e8e7e525a2aa5f4a74a4459e9455aa68c0198b4ac2fc \
    --hash=sha256:dc79aa810daabc3c5eb5f29b8425390e65dac04f02ddc84809eeaef7fc6569dc \
    --hash=sha256:dcd69e150af52ce706ad436b6350c6783ce111aee33e6114806c56933c0c05a0 \
    --hash=sha256:dd5b6d915c21ab53d3f9e32c44335fd1fbcd948589634aba87926432c8897446 \
    --hash=sha256:df8451534b06c8c64801a317d7e4f91889cadaf0a02b74dd2f1cb4955f3fbd46 \
    --hash=sha256:e0dc39f7d0df33c390793716180cb1f1b0adbd5f9701d0adaa608b1ec8867d6e \
    --hash=sha256:e55a6e8e5c14546a90db3c5c93d68dc73c8d86ed19556aa58cd6d558286ae620 \
    --hash=sha256:e5799c01e961273136d95ade2164c689714bdfcdc443f9e2568b45df620248d2 \
    --hash=sha256:e780526164e5c4051cf8618e73ecaf0c900c7c3ea2cdd99558b486e47cbe28c9 \
    --hash=sha256:e79e4c283ed834b0587b0fde21ced22251a569255b338de1e466d901c8d07d5e \
    --hash=sha256:e9d0dfc81d27b44045bdda606dda40452c53e19e2755f56407dfa393980e91c5 \
    --hash=sha256:eb5e65d4c2da36446a4592f50e0393a0255e832bdd5d519391a216728cface15 \
    --hash=sha256:eba091b89bfaf931709e09b8bc564101c7c834d2978019784dd97e017e84d060 \
    --hash=sha256:eea7a98b277e6a19cdf2e74908a534826f552d7a0d75c17b8fc6f4d886653695 \
    --hash=sha256:f3509e45507abf43dc584b30de1c9b1adcd5949a7307488ab5df8d9c2bc03181 \
    --hash=sha256:f3a90ff32822d70fedf93bd9c057ae88176372fb478c2c376c5257eacfecf27c \
    --hash=sha256:f6abac81451d0d0ce5ee553b9c7e6b9de165642ffe949c1379e6f553f482066e \
    --hash=sha256:fc8c5da04dfce44a9446d3e2348924252b72db98a22d1576b2ce66f34dc7fb99 \
    --hash=sha256:feec62af25b9d81c5013280e44d512a2991784c3f9969fde3ca7327016cc1ab0
    # via impyla
impyla==0.24.0 \
    --hash=sha256:48f0dcd727af111212162bcf55dda3a545b22d862294ed19a973b47f23e800e2 \
    --hash=sha256:7c0ee0579aab4cbf1a0c1278ed06acdc982369fad0df7d673a009f59d0e04b05
    # via -r requirements-db-optional.txt
pure-sasl==0.6.2 \
    --hash=sha256:53c1355f5da95e2b85b2cc9a6af435518edc20c81193faa0eea65fdc835138f4 \
    --hash=sha256:edb33b1a46eb3c602c0166de0442c0fb41f5ac2bfccbde4775183b105ad89ab2
    # via
    #   impyla
    #   thrift-sasl
pyodbc==5.3.0 \
    --hash=sha256:01166162149adf2b8a6dc21a212718f205cabbbdff4047dc0c415af3fd85867e \
    --hash=sha256:0263323fc47082c2bf02562f44149446bbbfe91450d271e44bffec0c3143bfb1 \
    --hash=sha256:08b2439500e212625471d32f8fde418075a5ddec556e095e5a4ba56d61df2dc6 \
    --hash=sha256:0df7ff47fab91ea05548095b00e5eb87ed88ddf4648c58c67b4db95ea4913e23 \
    --hash=sha256:101313a21d2654df856a60e4a13763e4d9f6c5d3fd974bcf3fc6b4e86d1bbe8e \
    --hash=sha256:13656184faa3f2d5c6f19b701b8f247342ed581484f58bf39af7315c054e69db \
    --hash=sha256:1629af4706e9228d79dabb4863c11cceb22a6dab90700db0ef449074f0150c0d \
    --hash=sha256:197bb6ddafe356a916b8ee1b8752009057fce58e216e887e2174b24c7ab99269 \
    --hash=sha256:2035c7dfb71677cd5be64d3a3eb0779560279f0a8dc6e33673499498caa88937 \
    --hash=sha256:25b6766e56748eb1fc1d567d863e06cbb7b7c749a41dfed85db0031e696fa39a \
    --hash=sha256:25c4cfb2c08e77bc6e82f666d7acd52f0e52a0401b1876e60f03c73c3b8aedc0 \
    --hash=sha256:2eb7151ed0a1959cae65b6ac0454f5c8bbcd2d8bafeae66483c09d58b0c7a7fc \
    --hash=sha256:2fe0e063d8fb66efd0ac6dc39236c4de1a45f17c33eaded0d553d21c199f4d05 \
    --hash=sha256:349a9abae62a968b98f6bbd23d2825151f8d9de50b3a8f5f3271b48958fdb672 \
    --hash=sha256:363311bd40320b4a61454bebf7c38b243cd67c762ed0f8a5219de3ec90c96353 \
    --hash=sha256:3cc472c8ae2feea5b4512e23b56e2b093d64f7cbc4b970af51da488429ff7818 \
    --hash=sha256:3f1bdb3ce6480a17afaaef4b5242b356d4997a872f39e96f015cabef00613797 \
    --hash=sha256:452e7911a35ee12a56b111ac5b596d6ed865b83fcde8427127913df53132759e \
    --hash=sha256:46185a1a7f409761716c71de7b95e7bbb004390c650d00b0b170193e3d6224bb \
    --hash=sha256:46869b9a6555ff003ed1d8ebad6708423adf2a5c88e1a578b9f029fb1435186e \
    --hash=sha256:58635a1cc859d5af3f878c85910e5d7228fe5c406d4571bffcdd281375a54b39 \
    --hash=sha256:5cbe4d753723c8a8f65020b7a259183ef5f14307587165ce37e8c7e251951852 \
    --hash=sha256:5ceaed87ba2ea848c11223f66f629ef121f6ebe621f605cde9cfdee4fd9f4b68 \
    --hash=sha256:5dd3d5e469f89a3112cf8b0658c43108a4712fad65e576071e4dd44d2bd763c7 \
    --hash=sha256:5ebf6b5d989395efe722b02b010cb9815698a4d681921bf5db1c0e1195ac1bde \
    --hash=sha256:6132554ffbd7910524d643f13ce17f4a72f3a6824b0adef4e9a7f66efac96350 \
    --hash=sha256:6682cdec78f1302d0c559422c8e00991668e039ed63dece8bf99ef62173376a5 \
    --hash=sha256:676031723aac7dcbbd2813bddda0e8abf171b20ec218ab8dfb21d64a193430ea \
    --hash=sha256:705903acf6f43c44fc64e764578d9a88649eb21bf7418d78677a9d2e337f56f2 \
    --hash=sha256:729c535341bb09c476f219d6f7ab194bcb683c4a0a368010f1cb821a35136f05 \
    --hash=sha256:74528fe148980d0c735c0ebb4a4dc74643ac4574337c43c1006ac4d09593f92d \
    --hash=sha256:754d052030d00c3ac38da09ceb9f3e240e8dd1c11da8906f482d5419c65b9ef5 \
    --hash=sha256:7713c740a10f33df3cb08f49a023b7e1e25de0c7c99650876bbe717bc95ee780 \
    --hash=sha256:7e9ab0b91de28a5ab838ac4db0253d7cc8ce2452efe4ad92ee6a57b922bf0c24 \
    --hash=sha256:8339d3094858893c1a68ee1af93efc4dff18b8b65de54d99104b99af6306320d \
    --hash=sha256:8aa396c6d6af52ccd51b8c8a5bffbb46fd44e52ce07ea4272c1d28e5e5b12722 \
    --hash=sha256:9b987a25a384f31e373903005554230f5a6d59af78bce62954386736a902a4b3 \
    --hash=sha256:9cd3f0a9796b3e1170a9fa168c7e7ca81879142f30e20f46663b882db139b7d2 \
    --hash=sha256:a48d731432abaee5256ed6a19a3e1528b8881f9cb25cb9cf72d8318146ea991b \
    --hash=sha256:ac23feb7ddaa729f6b840639e92f83ff0ccaa7072801d944f1332cd5f5b05f47 \
    --hash=sha256:af4d8c9842fc4a6360c31c35508d6594d5a3b39922f61b282c2b4c9d9da99514 \
    --hash=sha256:afe7c4ac555a8d10a36234788fc6cfc22a86ce37fc5ba88a1f75b3e6696665dc \
    --hash=sha256:b180bc5e49b74fd40a24ef5b0fe143d0c234ac1506febe810d7434bf47cb925b \
    --hash=sha256:b35b9983ad300e5aea82b8d1661fc9d3afe5868de527ee6bd252dd550e61ecd6 \
    --hash=sha256:bc834567c2990584b9726cba365834d039380c9dbbcef3030ddeb00c6541b943 \
    --hash=sha256:bfeb3e34795d53b7d37e66dd54891d4f9c13a3889a8f5fe9640e56a82d770955 \
    --hash=sha256:c25dc9c41f61573bdcf61a3408c34b65e4c0f821b8f861ca7531b1353b389804 \
    --hash=sha256:c2eb0b08e24fe5c40c7ebe9240c5d3bd2f18cd5617229acee4b0a0484dc226f2 \
    --hash=sha256:c5c30c5cd40b751f77bbc73edd32c4498630939bcd4e72ee7e6c9a4b982cc5ca \
    --hash=sha256:c67e7f2ce649155ea89beb54d3b42d83770488f025cf3b6f39ca82e9c598a02e \
    --hash=sha256:c68d9c225a97aedafb7fff1c0e1bfe293093f77da19eaf200d0e988fa2718d16 \
    --hash=sha256:c6ccb5315ec9e081f5cbd66f36acbc820ad172b8fa3736cf7f993cdf69bd8a96 \
    --hash=sha256:c79df54bbc25bce9f2d87094e7b39089c28428df5443d1902b0cc5f43fd2da6f \
    --hash=sha256:cf18797a12e70474e1b7f5027deeeccea816372497e3ff2d46b15bec2d18a0cc \
    --hash=sha256:d255f6b117d05cfc046a5201fdf39535264045352ea536c35777cf66d321fbb8 \
    --hash=sha256:d32c3259762bef440707098010035bbc83d1c73d81a434018ab8c688158bd3bb \
    --hash=sha256:d89a7f2e24227150c13be8164774b7e1f9678321a4248f1356a465b9cc17d31e \
    --hash=sha256:e3c39de3005fff3ae79246f952720d44affc6756b4b85398da4c5ea76bf8f506 \
    --hash=sha256:e981db84fee4cebec67f41bd266e1e7926665f1b99c3f8f4ea73cd7f7666e381 \
    --hash=sha256:ebc3be93f61ea0553db88589e683ace12bf975baa954af4834ab89f5ee7bf8ae \
    --hash=sha256:f1ad0e93612a6201621853fc661209d82ff2a35892b7d590106fe8f97d9f1f2a \
    --hash=sha256:f927b440c38ade1668f0da64047ffd20ec34e32d817f9a60d07553301324b364 \
    --hash=sha256:fc5ac4f2165f7088e74ecec5413b5c304247949f9702c8853b0e43023b4187e8 \
    --hash=sha256:fe77eb9dcca5fc1300c9121f81040cc9011d28cff383e2c35416e9ec06d4bc95
    # via -r requirements-db-optional.txt
six==1.17.0 \
    --hash=sha256:4721f391ed90541fddacab5acf947aa0d3dc7d27b2e1e8eda2be8970586c3274 \
    --hash=sha256:ff70335d468e7eb6ec65b95b99d3a2836546063f63acc5171de367e834932a81
    # via thrift-sasl
thrift==0.24.0 \
    --hash=sha256:048d768e5822c436e8920b987d89a6a26e4d438ddf2de4b9d3f81444cd03cd04 \
    --hash=sha256:134cd1a0d80f928377808348d1f9f647284ada093573beaa47040bed5507e219 \
    --hash=sha256:18e7693f1bcef45937ad31a02564add55dec754710d42afc8ee3fc26ecf13028 \
    --hash=sha256:2592bb0bf232d0808583626a7a8d71e265851e974c182967d67dde1f16902aee \
    --hash=sha256:272624d36faa7bee01b94e5da5efc7305d9d3da57d005382c93fcbde8c3edf6a \
    --hash=sha256:28e034658d724aaa66007babb258ef12f0294036812fc449d7ce6fd15b07100f \
    --hash=sha256:2f82bb16c4f2009dbc4fc9374604f05e998fb33be6a7787e095cea9842ecfa1d \
    --hash=sha256:306e0fe3c96b300471c19cec60bd6816064fd93d04713488ef07120aff84653b \
    --hash=sha256:498ae392090d7ae17ab59ebd8dfabda76528eeb22d3890a57c9f226003d7ed6e \
    --hash=sha256:518199062feabfc0982767a0f7bceccb4fd1b485654f75e02913837444c3c130 \
    --hash=sha256:6381093f2c54e0f108554004a8cac3f1ef7ba99d6c5a9909c0eb64f450142685 \
    --hash=sha256:7bc91ae93005bc16c7362edcb58818a547850b9b52fe9b8075cc6b8922bcde2d \
    --hash=sha256:7beb05268c76895f7c3130ce747a8a8cf35558fbc7f464f994e20a0c92181cbd \
    --hash=sha256:829db909a053d4064cb9fe574cc1f5994c24d727f61cdf6446ca774cd3ba5268 \
    --hash=sha256:873c93d8496cf71589efd3128ddc5af0be350e6c1a0e615475d840eaa54f6124 \
    --hash=sha256:887a10d718d85275da70fe4e9d4740268ae2854f205fb5869909d24cc5576b79 \
    --hash=sha256:8ac42199ea2a6fc6275b0aeec32ae09e7f9edb43890ff9a1af5e34191fb422cc \
    --hash=sha256:8cdd5f927eb98d0e8f00ab148b0cb66ae2598a396e907bd2b6febcbdcc46d80c \
    --hash=sha256:937b398c311799fd5eddaeaffbd275510c68ead597eb1897e5e8113542fb2b50 \
    --hash=sha256:9e26ca0f346e5ec2b6be9778573fb2e9d8b3eb162dbce94e61906176158b448b \
    --hash=sha256:9ef601c49e988475ff0e741d8e1b45feec23b48514e524341efc274191f1789c \
    --hash=sha256:a2baaec0c5cd7ba3eace54b26d81fdf0f5a85010468687cf4a131871d65abfed \
    --hash=sha256:acbd02baacfa0d2017f85b189ed69cd6baa522785d1ad86476eb7ce8cd16d063 \
    --hash=sha256:afb7977ccb8ecd7b1520a5141de64b58e94712528a26c10ac8f5b4ef220112a5 \
    --hash=sha256:b89a83d4e9ae6029e14f6f7c73305044bf02739d729c6aa8025ef3b6faef0ec0 \
    --hash=sha256:c05bb4eac921836c12cdf30c237283df8a42aff6540f7970cd72c5959b139970 \
    --hash=sha256:c8d37a4311a87bda4bd2b8e4137eec638c18e3a57d11a1011bd98a8867523860 \
    --hash=sha256:ca1b1ba00151565dc4e6673c924debd557aaf25b2790f1570b3430cb35503671 \
    --hash=sha256:cad27a826e86739a79a327e6afae5a9bea36aeed2989c4318fc2943b6cfad095 \
    --hash=sha256:d8c5de86af2a44641d423624c71c554a691d9f80c8b87709f15c7f98ccc6aeac \
    --hash=sha256:e5da6b391828d46df9471f22181374760a91773b7e07ad7eb44f351c90580662 \
    --hash=sha256:ebb8b389142d67554d0de814dd6c1d62b962751f68721537efca429c57b09327 \
    --hash=sha256:efe85c4508adaf6c9e6f7fac2b1c3c9beb4b39b19c375519966335a70b28e64a \
    --hash=sha256:f40bdfbaf8d2795b1593bb75b4d9c77831bbe96a1ef59da4634ccc125a17dca5 \
    --hash=sha256:f4a44391ae1e32817553639b2991b0753d84487259fe87f8111c956c6bdebf43 \
    --hash=sha256:fbf461351940ddaa85bf8c2ee1754c9cfdd33bb78322e635e1ea5cd3947ae49a
    # via
    #   impyla
    #   thrift-sasl
thrift-sasl==0.4.3 \
    --hash=sha256:5bdd5b760d90a13d9b3abfce873db0425861aa8d6bf25912d3cc0467a4f773da \
    --hash=sha256:d24b49140115e6e2a96d08335cff225a27a28ea71866fb1b2bdb30ca5afca64e
    # via impyla
